// !$*UTF8*$!
{
	archiveVersion = 1;
	classes = {
	};
	objectVersion = 46;
	objects = {

/* Begin PBXBuildFile section */
		C7108D2D1B43C5920003D07D /* Constants.swift in Sources */ = {isa = PBXBuildFile; fileRef = C7108D2C1B43C5920003D07D /* Constants.swift */; };
		C7108D301B43D8440003D07D /* 58.png in Resources */ = {isa = PBXBuildFile; fileRef = C7108D2F1B43D8440003D07D /* 58.png */; };
		C7108D321B43D8A50003D07D /* 60.png in Resources */ = {isa = PBXBuildFile; fileRef = C7108D311B43D8A50003D07D /* 60.png */; };
		C7108D351B43D9330003D07D /* 80.png in Resources */ = {isa = PBXBuildFile; fileRef = C7108D331B43D9330003D07D /* 80.png */; };
		C7108D361B43D9330003D07D /* 120.png in Resources */ = {isa = PBXBuildFile; fileRef = C7108D341B43D9330003D07D /* 120.png */; };
		C7108D391B43DA040003D07D /* 87.png in Resources */ = {isa = PBXBuildFile; fileRef = C7108D371B43DA040003D07D /* 87.png */; };
		C7108D3A1B43DA040003D07D /* 180.png in Resources */ = {isa = PBXBuildFile; fileRef = C7108D381B43DA040003D07D /* 180.png */; };
		C7108D3C1B43DF360003D07D /* LaunchImage.png in Resources */ = {isa = PBXBuildFile; fileRef = C7108D3B1B43DF360003D07D /* LaunchImage.png */; };
		C7108D401B45386E0003D07D /* DetailViewController.swift in Sources */ = {isa = PBXBuildFile; fileRef = C7108D3F1B45386E0003D07D /* DetailViewController.swift */; };
		C7108D421B4538900003D07D /* DetailView.swift in Sources */ = {isa = PBXBuildFile; fileRef = C7108D411B4538900003D07D /* DetailView.swift */; };
		C7108D441B453B8A0003D07D /* back.png in Resources */ = {isa = PBXBuildFile; fileRef = C7108D431B453B8A0003D07D /* back.png */; };
		C726DA6D1B2F5D2C006D5229 /* arrow_side.png in Resources */ = {isa = PBXBuildFile; fileRef = C726DA611B2F5D2C006D5229 /* arrow_side.png */; };
		C726DA6E1B2F5D2C006D5229 /* album.png in Resources */ = {isa = PBXBuildFile; fileRef = C726DA621B2F5D2C006D5229 /* album.png */; };
		C726DA701B2F5D2C006D5229 /* camera.png in Resources */ = {isa = PBXBuildFile; fileRef = C726DA641B2F5D2C006D5229 /* camera.png */; };
		C726DA711B2F5D2C006D5229 /* done.png in Resources */ = {isa = PBXBuildFile; fileRef = C726DA651B2F5D2C006D5229 /* done.png */; };
		C726DA741B2F5D2C006D5229 /* gallery.png in Resources */ = {isa = PBXBuildFile; fileRef = C726DA681B2F5D2C006D5229 /* gallery.png */; };
		C726DA771B2F5D2C006D5229 /* share.png in Resources */ = {isa = PBXBuildFile; fileRef = C726DA6B1B2F5D2C006D5229 /* share.png */; };
		C726DA7D1B2F6CBC006D5229 /* MemeViewController.swift in Sources */ = {isa = PBXBuildFile; fileRef = C726DA7C1B2F6CBC006D5229 /* MemeViewController.swift */; };
		C726DA7F1B2F6CD5006D5229 /* MemeView.swift in Sources */ = {isa = PBXBuildFile; fileRef = C726DA7E1B2F6CD5006D5229 /* MemeView.swift */; };
		C726DAAE1B335EAF006D5229 /* MemeModel.swift in Sources */ = {isa = PBXBuildFile; fileRef = C726DAAD1B335EAF006D5229 /* MemeModel.swift */; };
		C726DACE1B35DC80006D5229 /* close@2x.png in Resources */ = {isa = PBXBuildFile; fileRef = C726DAC71B35DC80006D5229 /* close@2x.png */; };
		C726DACF1B35DC80006D5229 /* collection@2x.png in Resources */ = {isa = PBXBuildFile; fileRef = C726DAC81B35DC80006D5229 /* collection@2x.png */; };
		C726DAD01B35DC80006D5229 /* table@2x.png in Resources */ = {isa = PBXBuildFile; fileRef = C726DAC91B35DC80006D5229 /* table@2x.png */; };
		C726DAD11B35DC80006D5229 /* close@3x.png in Resources */ = {isa = PBXBuildFile; fileRef = C726DACB1B35DC80006D5229 /* close@3x.png */; };
		C726DAD21B35DC80006D5229 /* collection@3x.png in Resources */ = {isa = PBXBuildFile; fileRef = C726DACC1B35DC80006D5229 /* collection@3x.png */; };
		C726DAD31B35DC80006D5229 /* table@3x.png in Resources */ = {isa = PBXBuildFile; fileRef = C726DACD1B35DC80006D5229 /* table@3x.png */; };
		C726DAD61B35E320006D5229 /* SentMemesViewController.swift in Sources */ = {isa = PBXBuildFile; fileRef = C726DAD51B35E320006D5229 /* SentMemesViewController.swift */; };
		C726DAD81B35E33E006D5229 /* SentMemesRootView.swift in Sources */ = {isa = PBXBuildFile; fileRef = C726DAD71B35E33E006D5229 /* SentMemesRootView.swift */; };
		C726DAED1B35E679006D5229 /* SentMemesTableViewCell.swift in Sources */ = {isa = PBXBuildFile; fileRef = C726DAE61B35E679006D5229 /* SentMemesTableViewCell.swift */; };
		C726DAEE1B35E679006D5229 /* TableSentMemesRootView.swift in Sources */ = {isa = PBXBuildFile; fileRef = C726DAE71B35E679006D5229 /* TableSentMemesRootView.swift */; };
		C726DAEF1B35E679006D5229 /* TableSentMemesViewController.swift in Sources */ = {isa = PBXBuildFile; fileRef = C726DAE81B35E679006D5229 /* TableSentMemesViewController.swift */; };
		C726DAF01B35E679006D5229 /* CollectionSentMemesRootView.swift in Sources */ = {isa = PBXBuildFile; fileRef = C726DAEA1B35E679006D5229 /* CollectionSentMemesRootView.swift */; };
		C726DAF11B35E679006D5229 /* CollectionSentMemesViewController.swift in Sources */ = {isa = PBXBuildFile; fileRef = C726DAEB1B35E679006D5229 /* CollectionSentMemesViewController.swift */; };
		C726DAF21B35E679006D5229 /* SentMemesCollectionViewCell.swift in Sources */ = {isa = PBXBuildFile; fileRef = C726DAEC1B35E679006D5229 /* SentMemesCollectionViewCell.swift */; };
		C7AB61F31B20D9A300DBFA89 /* AppDelegate.swift in Sources */ = {isa = PBXBuildFile; fileRef = C7AB61F21B20D9A300DBFA89 /* AppDelegate.swift */; };
		C7AB61F81B20D9A300DBFA89 /* Main.storyboard in Resources */ = {isa = PBXBuildFile; fileRef = C7AB61F61B20D9A300DBFA89 /* Main.storyboard */; };
		C7AB61FA1B20D9A300DBFA89 /* Images.xcassets in Resources */ = {isa = PBXBuildFile; fileRef = C7AB61F91B20D9A300DBFA89 /* Images.xcassets */; };
		C7AB61FD1B20D9A300DBFA89 /* LaunchScreen.xib in Resources */ = {isa = PBXBuildFile; fileRef = C7AB61FB1B20D9A300DBFA89 /* LaunchScreen.xib */; };
		C7AB62091B20D9A300DBFA89 /* MemeMeTests.swift in Sources */ = {isa = PBXBuildFile; fileRef = C7AB62081B20D9A300DBFA89 /* MemeMeTests.swift */; };
/* End PBXBuildFile section */

/* Begin PBXContainerItemProxy section */
		C7AB62031B20D9A300DBFA89 /* PBXContainerItemProxy */ = {
			isa = PBXContainerItemProxy;
			containerPortal = C7AB61E51B20D9A300DBFA89 /* Project object */;
			proxyType = 1;
			remoteGlobalIDString = C7AB61EC1B20D9A300DBFA89;
			remoteInfo = MemeMe;
		};
/* End PBXContainerItemProxy section */

/* Begin PBXFileReference section */
		C7108D2C1B43C5920003D07D /* Constants.swift */ = {isa = PBXFileReference; fileEncoding = 4; lastKnownFileType = sourcecode.swift; path = Constants.swift; sourceTree = "<group>"; };
		C7108D2F1B43D8440003D07D /* 58.png */ = {isa = PBXFileReference; lastKnownFileType = image.png; path = 58.png; sourceTree = "<group>"; };
		C7108D311B43D8A50003D07D /* 60.png */ = {isa = PBXFileReference; lastKnownFileType = image.png; path = 60.png; sourceTree = "<group>"; };
		C7108D331B43D9330003D07D /* 80.png */ = {isa = PBXFileReference; lastKnownFileType = image.png; path = 80.png; sourceTree = "<group>"; };
		C7108D341B43D9330003D07D /* 120.png */ = {isa = PBXFileReference; lastKnownFileType = image.png; path = 120.png; sourceTree = "<group>"; };
		C7108D371B43DA040003D07D /* 87.png */ = {isa = PBXFileReference; lastKnownFileType = image.png; path = 87.png; sourceTree = "<group>"; };
		C7108D381B43DA040003D07D /* 180.png */ = {isa = PBXFileReference; lastKnownFileType = image.png; path = 180.png; sourceTree = "<group>"; };
		C7108D3B1B43DF360003D07D /* LaunchImage.png */ = {isa = PBXFileReference; lastKnownFileType = image.png; path = LaunchImage.png; sourceTree = "<group>"; };
		C7108D3F1B45386E0003D07D /* DetailViewController.swift */ = {isa = PBXFileReference; fileEncoding = 4; lastKnownFileType = sourcecode.swift; path = DetailViewController.swift; sourceTree = "<group>"; };
		C7108D411B4538900003D07D /* DetailView.swift */ = {isa = PBXFileReference; fileEncoding = 4; lastKnownFileType = sourcecode.swift; path = DetailView.swift; sourceTree = "<group>"; };
		C7108D431B453B8A0003D07D /* back.png */ = {isa = PBXFileReference; lastKnownFileType = image.png; path = back.png; sourceTree = "<group>"; };
		C726DA611B2F5D2C006D5229 /* arrow_side.png */ = {isa = PBXFileReference; lastKnownFileType = image.png; path = arrow_side.png; sourceTree = "<group>"; };
		C726DA621B2F5D2C006D5229 /* album.png */ = {isa = PBXFileReference; lastKnownFileType = image.png; path = album.png; sourceTree = "<group>"; };
		C726DA641B2F5D2C006D5229 /* camera.png */ = {isa = PBXFileReference; lastKnownFileType = image.png; path = camera.png; sourceTree = "<group>"; };
		C726DA651B2F5D2C006D5229 /* done.png */ = {isa = PBXFileReference; lastKnownFileType = image.png; path = done.png; sourceTree = "<group>"; };
		C726DA681B2F5D2C006D5229 /* gallery.png */ = {isa = PBXFileReference; lastKnownFileType = image.png; path = gallery.png; sourceTree = "<group>"; };
		C726DA6B1B2F5D2C006D5229 /* share.png */ = {isa = PBXFileReference; lastKnownFileType = image.png; path = share.png; sourceTree = "<group>"; };
		C726DA7C1B2F6CBC006D5229 /* MemeViewController.swift */ = {isa = PBXFileReference; fileEncoding = 4; lastKnownFileType = sourcecode.swift; path = MemeViewController.swift; sourceTree = "<group>"; };
		C726DA7E1B2F6CD5006D5229 /* MemeView.swift */ = {isa = PBXFileReference; fileEncoding = 4; lastKnownFileType = sourcecode.swift; path = MemeView.swift; sourceTree = "<group>"; };
		C726DAAD1B335EAF006D5229 /* MemeModel.swift */ = {isa = PBXFileReference; fileEncoding = 4; lastKnownFileType = sourcecode.swift; path = MemeModel.swift; sourceTree = "<group>"; };
		C726DAC71B35DC80006D5229 /* close@2x.png */ = {isa = PBXFileReference; lastKnownFileType = image.png; path = "close@2x.png"; sourceTree = "<group>"; };
		C726DAC81B35DC80006D5229 /* collection@2x.png */ = {isa = PBXFileReference; lastKnownFileType = image.png; path = "collection@2x.png"; sourceTree = "<group>"; };
		C726DAC91B35DC80006D5229 /* table@2x.png */ = {isa = PBXFileReference; lastKnownFileType = image.png; path = "table@2x.png"; sourceTree = "<group>"; };
		C726DACB1B35DC80006D5229 /* close@3x.png */ = {isa = PBXFileReference; lastKnownFileType = image.png; path = "close@3x.png"; sourceTree = "<group>"; };
		C726DACC1B35DC80006D5229 /* collection@3x.png */ = {isa = PBXFileReference; lastKnownFileType = image.png; path = "collection@3x.png"; sourceTree = "<group>"; };
		C726DACD1B35DC80006D5229 /* table@3x.png */ = {isa = PBXFileReference; lastKnownFileType = image.png; path = "table@3x.png"; sourceTree = "<group>"; };
		C726DAD51B35E320006D5229 /* SentMemesViewController.swift */ = {isa = PBXFileReference; fileEncoding = 4; lastKnownFileType = sourcecode.swift; path = SentMemesViewController.swift; sourceTree = "<group>"; };
		C726DAD71B35E33E006D5229 /* SentMemesRootView.swift */ = {isa = PBXFileReference; fileEncoding = 4; lastKnownFileType = sourcecode.swift; path = SentMemesRootView.swift; sourceTree = "<group>"; };
		C726DAE61B35E679006D5229 /* SentMemesTableViewCell.swift */ = {isa = PBXFileReference; fileEncoding = 4; lastKnownFileType = sourcecode.swift; path = SentMemesTableViewCell.swift; sourceTree = "<group>"; };
		C726DAE71B35E679006D5229 /* TableSentMemesRootView.swift */ = {isa = PBXFileReference; fileEncoding = 4; lastKnownFileType = sourcecode.swift; path = TableSentMemesRootView.swift; sourceTree = "<group>"; };
		C726DAE81B35E679006D5229 /* TableSentMemesViewController.swift */ = {isa = PBXFileReference; fileEncoding = 4; lastKnownFileType = sourcecode.swift; path = TableSentMemesViewController.swift; sourceTree = "<group>"; };
		C726DAEA1B35E679006D5229 /* CollectionSentMemesRootView.swift */ = {isa = PBXFileReference; fileEncoding = 4; lastKnownFileType = sourcecode.swift; path = CollectionSentMemesRootView.swift; sourceTree = "<group>"; };
		C726DAEB1B35E679006D5229 /* CollectionSentMemesViewController.swift */ = {isa = PBXFileReference; fileEncoding = 4; lastKnownFileType = sourcecode.swift; path = CollectionSentMemesViewController.swift; sourceTree = "<group>"; };
		C726DAEC1B35E679006D5229 /* SentMemesCollectionViewCell.swift */ = {isa = PBXFileReference; fileEncoding = 4; lastKnownFileType = sourcecode.swift; path = SentMemesCollectionViewCell.swift; sourceTree = "<group>"; };
		C7AB61ED1B20D9A300DBFA89 /* MemeMe.app */ = {isa = PBXFileReference; explicitFileType = wrapper.application; includeInIndex = 0; path = MemeMe.app; sourceTree = BUILT_PRODUCTS_DIR; };
		C7AB61F11B20D9A300DBFA89 /* Info.plist */ = {isa = PBXFileReference; lastKnownFileType = text.plist.xml; path = Info.plist; sourceTree = "<group>"; };
		C7AB61F21B20D9A300DBFA89 /* AppDelegate.swift */ = {isa = PBXFileReference; lastKnownFileType = sourcecode.swift; path = AppDelegate.swift; sourceTree = "<group>"; };
		C7AB61F71B20D9A300DBFA89 /* Base */ = {isa = PBXFileReference; lastKnownFileType = file.storyboard; name = Base; path = Base.lproj/Main.storyboard; sourceTree = "<group>"; };
		C7AB61F91B20D9A300DBFA89 /* Images.xcassets */ = {isa = PBXFileReference; lastKnownFileType = folder.assetcatalog; path = Images.xcassets; sourceTree = "<group>"; };
		C7AB61FC1B20D9A300DBFA89 /* Base */ = {isa = PBXFileReference; lastKnownFileType = file.xib; name = Base; path = Base.lproj/LaunchScreen.xib; sourceTree = "<group>"; };
		C7AB62021B20D9A300DBFA89 /* MemeMeTests.xctest */ = {isa = PBXFileReference; explicitFileType = wrapper.cfbundle; includeInIndex = 0; path = MemeMeTests.xctest; sourceTree = BUILT_PRODUCTS_DIR; };
		C7AB62071B20D9A300DBFA89 /* Info.plist */ = {isa = PBXFileReference; lastKnownFileType = text.plist.xml; path = Info.plist; sourceTree = "<group>"; };
		C7AB62081B20D9A300DBFA89 /* MemeMeTests.swift */ = {isa = PBXFileReference; lastKnownFileType = sourcecode.swift; path = MemeMeTests.swift; sourceTree = "<group>"; };
/* End PBXFileReference section */

/* Begin PBXFrameworksBuildPhase section */
		C7AB61EA1B20D9A300DBFA89 /* Frameworks */ = {
			isa = PBXFrameworksBuildPhase;
			buildActionMask = 2147483647;
			files = (
			);
			runOnlyForDeploymentPostprocessing = 0;
		};
		C7AB61FF1B20D9A300DBFA89 /* Frameworks */ = {
			isa = PBXFrameworksBuildPhase;
			buildActionMask = 2147483647;
			files = (
			);
			runOnlyForDeploymentPostprocessing = 0;
		};
/* End PBXFrameworksBuildPhase section */

/* Begin PBXGroup section */
		C7108D2E1B43D8440003D07D /* icons */ = {
			isa = PBXGroup;
			children = (
				C7108D371B43DA040003D07D /* 87.png */,
				C7108D381B43DA040003D07D /* 180.png */,
				C7108D331B43D9330003D07D /* 80.png */,
				C7108D341B43D9330003D07D /* 120.png */,
				C7108D311B43D8A50003D07D /* 60.png */,
				C7108D2F1B43D8440003D07D /* 58.png */,
			);
			path = icons;
			sourceTree = "<group>";
		};
		C7108D3D1B4538530003D07D /* DetailViewController */ = {
			isa = PBXGroup;
			children = (
				C7108D3F1B45386E0003D07D /* DetailViewController.swift */,
				C7108D411B4538900003D07D /* DetailView.swift */,
			);
			path = DetailViewController;
			sourceTree = "<group>";
		};
		C726DA5F1B2F5D2C006D5229 /* Resource */ = {
			isa = PBXGroup;
			children = (
				C7108D431B453B8A0003D07D /* back.png */,
				C7108D3B1B43DF360003D07D /* LaunchImage.png */,
				C7108D2E1B43D8440003D07D /* icons */,
				C726DAC61B35DC80006D5229 /* @2x */,
				C726DACA1B35DC80006D5229 /* @3x */,
				C726DA611B2F5D2C006D5229 /* arrow_side.png */,
				C726DA621B2F5D2C006D5229 /* album.png */,
				C726DA641B2F5D2C006D5229 /* camera.png */,
				C726DA651B2F5D2C006D5229 /* done.png */,
				C726DA681B2F5D2C006D5229 /* gallery.png */,
				C726DA6B1B2F5D2C006D5229 /* share.png */,
			);
			path = Resource;
			sourceTree = "<group>";
		};
		C726DA781B2F5FFE006D5229 /* UI */ = {
			isa = PBXGroup;
			children = (
				C726DA7B1B2F6043006D5229 /* MemeViewController */,
				C726DAD41B35E2F9006D5229 /* SentMemeViewControllers */,
				C7108D3D1B4538530003D07D /* DetailViewController */,
			);
			path = UI;
			sourceTree = "<group>";
		};
		C726DA7B1B2F6043006D5229 /* MemeViewController */ = {
			isa = PBXGroup;
			children = (
				C726DA7C1B2F6CBC006D5229 /* MemeViewController.swift */,
				C726DA7E1B2F6CD5006D5229 /* MemeView.swift */,
			);
			path = MemeViewController;
			sourceTree = "<group>";
		};
		C726DAAA1B335E93006D5229 /* Models */ = {
			isa = PBXGroup;
			children = (
				C726DAAC1B335E93006D5229 /* MemeModel */,
			);
			path = Models;
			sourceTree = "<group>";
		};
		C726DAAC1B335E93006D5229 /* MemeModel */ = {
			isa = PBXGroup;
			children = (
				C726DAAD1B335EAF006D5229 /* MemeModel.swift */,
			);
			path = MemeModel;
			sourceTree = "<group>";
		};
		C726DAC61B35DC80006D5229 /* @2x */ = {
			isa = PBXGroup;
			children = (
				C726DAC71B35DC80006D5229 /* close@2x.png */,
				C726DAC81B35DC80006D5229 /* collection@2x.png */,
				C726DAC91B35DC80006D5229 /* table@2x.png */,
			);
			path = "@2x";
			sourceTree = "<group>";
		};
		C726DACA1B35DC80006D5229 /* @3x */ = {
			isa = PBXGroup;
			children = (
				C726DACB1B35DC80006D5229 /* close@3x.png */,
				C726DACC1B35DC80006D5229 /* collection@3x.png */,
				C726DACD1B35DC80006D5229 /* table@3x.png */,
			);
			path = "@3x";
			sourceTree = "<group>";
		};
		C726DAD41B35E2F9006D5229 /* SentMemeViewControllers */ = {
			isa = PBXGroup;
			children = (
				C726DAD51B35E320006D5229 /* SentMemesViewController.swift */,
				C726DAD71B35E33E006D5229 /* SentMemesRootView.swift */,
				C726DAE51B35E679006D5229 /* Table */,
				C726DAE91B35E679006D5229 /* Collection */,
			);
			path = SentMemeViewControllers;
			sourceTree = "<group>";
		};
		C726DAE51B35E679006D5229 /* Table */ = {
			isa = PBXGroup;
			children = (
				C726DAE81B35E679006D5229 /* TableSentMemesViewController.swift */,
				C726DAE71B35E679006D5229 /* TableSentMemesRootView.swift */,
				C726DAE61B35E679006D5229 /* SentMemesTableViewCell.swift */,
			);
			path = Table;
			sourceTree = "<group>";
		};
		C726DAE91B35E679006D5229 /* Collection */ = {
			isa = PBXGroup;
			children = (
				C726DAEB1B35E679006D5229 /* CollectionSentMemesViewController.swift */,
				C726DAEA1B35E679006D5229 /* CollectionSentMemesRootView.swift */,
				C726DAEC1B35E679006D5229 /* SentMemesCollectionViewCell.swift */,
			);
			path = Collection;
			sourceTree = "<group>";
		};
		C7AB61E41B20D9A300DBFA89 = {
			isa = PBXGroup;
			children = (
				C7AB61EF1B20D9A300DBFA89 /* MemeMe */,
				C7AB62051B20D9A300DBFA89 /* MemeMeTests */,
				C7AB61EE1B20D9A300DBFA89 /* Products */,
			);
			sourceTree = "<group>";
		};
		C7AB61EE1B20D9A300DBFA89 /* Products */ = {
			isa = PBXGroup;
			children = (
				C7AB61ED1B20D9A300DBFA89 /* MemeMe.app */,
				C7AB62021B20D9A300DBFA89 /* MemeMeTests.xctest */,
			);
			name = Products;
			sourceTree = "<group>";
		};
		C7AB61EF1B20D9A300DBFA89 /* MemeMe */ = {
			isa = PBXGroup;
			children = (
				C7AB61F21B20D9A300DBFA89 /* AppDelegate.swift */,
				C7AB61F61B20D9A300DBFA89 /* Main.storyboard */,
				C7AB61F91B20D9A300DBFA89 /* Images.xcassets */,
				C7AB61FB1B20D9A300DBFA89 /* LaunchScreen.xib */,
				C7108D2C1B43C5920003D07D /* Constants.swift */,
				C726DAAA1B335E93006D5229 /* Models */,
				C726DA781B2F5FFE006D5229 /* UI */,
				C7AB61F01B20D9A300DBFA89 /* Supporting Files */,
				C726DA5F1B2F5D2C006D5229 /* Resource */,
			);
			path = MemeMe;
			sourceTree = "<group>";
		};
		C7AB61F01B20D9A300DBFA89 /* Supporting Files */ = {
			isa = PBXGroup;
			children = (
				C7AB61F11B20D9A300DBFA89 /* Info.plist */,
			);
			name = "Supporting Files";
			sourceTree = "<group>";
		};
		C7AB62051B20D9A300DBFA89 /* MemeMeTests */ = {
			isa = PBXGroup;
			children = (
				C7AB62081B20D9A300DBFA89 /* MemeMeTests.swift */,
				C7AB62061B20D9A300DBFA89 /* Supporting Files */,
			);
			path = MemeMeTests;
			sourceTree = "<group>";
		};
		C7AB62061B20D9A300DBFA89 /* Supporting Files */ = {
			isa = PBXGroup;
			children = (
				C7AB62071B20D9A300DBFA89 /* Info.plist */,
			);
			name = "Supporting Files";
			sourceTree = "<group>";
		};
/* End PBXGroup section */

/* Begin PBXNativeTarget section */
		C7AB61EC1B20D9A300DBFA89 /* MemeMe */ = {
			isa = PBXNativeTarget;
			buildConfigurationList = C7AB620C1B20D9A300DBFA89 /* Build configuration list for PBXNativeTarget "MemeMe" */;
			buildPhases = (
				C7AB61E91B20D9A300DBFA89 /* Sources */,
				C7AB61EA1B20D9A300DBFA89 /* Frameworks */,
				C7AB61EB1B20D9A300DBFA89 /* Resources */,
			);
			buildRules = (
			);
			dependencies = (
			);
			name = MemeMe;
			productName = MemeMe;
			productReference = C7AB61ED1B20D9A300DBFA89 /* MemeMe.app */;
			productType = "com.apple.product-type.application";
		};
		C7AB62011B20D9A300DBFA89 /* MemeMeTests */ = {
			isa = PBXNativeTarget;
			buildConfigurationList = C7AB620F1B20D9A300DBFA89 /* Build configuration list for PBXNativeTarget "MemeMeTests" */;
			buildPhases = (
				C7AB61FE1B20D9A300DBFA89 /* Sources */,
				C7AB61FF1B20D9A300DBFA89 /* Frameworks */,
				C7AB62001B20D9A300DBFA89 /* Resources */,
			);
			buildRules = (
			);
			dependencies = (
				C7AB62041B20D9A300DBFA89 /* PBXTargetDependency */,
			);
			name = MemeMeTests;
			productName = MemeMeTests;
			productReference = C7AB62021B20D9A300DBFA89 /* MemeMeTests.xctest */;
			productType = "com.apple.product-type.bundle.unit-test";
		};
/* End PBXNativeTarget section */

/* Begin PBXProject section */
		C7AB61E51B20D9A300DBFA89 /* Project object */ = {
			isa = PBXProject;
			attributes = {
				LastUpgradeCheck = 0630;
				ORGANIZATIONNAME = VarvaraMironova;
				TargetAttributes = {
					C7AB61EC1B20D9A300DBFA89 = {
						CreatedOnToolsVersion = 6.3.2;
					};
					C7AB62011B20D9A300DBFA89 = {
						CreatedOnToolsVersion = 6.3.2;
						TestTargetID = C7AB61EC1B20D9A300DBFA89;
					};
				};
			};
			buildConfigurationList = C7AB61E81B20D9A300DBFA89 /* Build configuration list for PBXProject "MemeMe" */;
			compatibilityVersion = "Xcode 3.2";
			developmentRegion = English;
			hasScannedForEncodings = 0;
			knownRegions = (
				en,
				Base,
			);
			mainGroup = C7AB61E41B20D9A300DBFA89;
			productRefGroup = C7AB61EE1B20D9A300DBFA89 /* Products */;
			projectDirPath = "";
			projectRoot = "";
			targets = (
				C7AB61EC1B20D9A300DBFA89 /* MemeMe */,
				C7AB62011B20D9A300DBFA89 /* MemeMeTests */,
			);
		};
/* End PBXProject section */

/* Begin PBXResourcesBuildPhase section */
		C7AB61EB1B20D9A300DBFA89 /* Resources */ = {
			isa = PBXResourcesBuildPhase;
			buildActionMask = 2147483647;
			files = (
				C7108D391B43DA040003D07D /* 87.png in Resources */,
				C7108D321B43D8A50003D07D /* 60.png in Resources */,
				C726DAD31B35DC80006D5229 /* table@3x.png in Resources */,
				C7AB61F81B20D9A300DBFA89 /* Main.storyboard in Resources */,
				C726DA711B2F5D2C006D5229 /* done.png in Resources */,
				C7AB61FD1B20D9A300DBFA89 /* LaunchScreen.xib in Resources */,
				C726DA6D1B2F5D2C006D5229 /* arrow_side.png in Resources */,
				C726DA771B2F5D2C006D5229 /* share.png in Resources */,
				C7108D301B43D8440003D07D /* 58.png in Resources */,
				C7108D3A1B43DA040003D07D /* 180.png in Resources */,
				C7108D3C1B43DF360003D07D /* LaunchImage.png in Resources */,
				C726DACE1B35DC80006D5229 /* close@2x.png in Resources */,
				C726DAD11B35DC80006D5229 /* close@3x.png in Resources */,
				C726DA741B2F5D2C006D5229 /* gallery.png in Resources */,
				C7AB61FA1B20D9A300DBFA89 /* Images.xcassets in Resources */,
				C726DA6E1B2F5D2C006D5229 /* album.png in Resources */,
				C7108D441B453B8A0003D07D /* back.png in Resources */,
				C726DAD01B35DC80006D5229 /* table@2x.png in Resources */,
				C726DA701B2F5D2C006D5229 /* camera.png in Resources */,
				C7108D351B43D9330003D07D /* 80.png in Resources */,
				C726DACF1B35DC80006D5229 /* collection@2x.png in Resources */,
				C726DAD21B35DC80006D5229 /* collection@3x.png in Resources */,
				C7108D361B43D9330003D07D /* 120.png in Resources */,
			);
			runOnlyForDeploymentPostprocessing = 0;
		};
		C7AB62001B20D9A300DBFA89 /* Resources */ = {
			isa = PBXResourcesBuildPhase;
			buildActionMask = 2147483647;
			files = (
			);
			runOnlyForDeploymentPostprocessing = 0;
		};
/* End PBXResourcesBuildPhase section */

/* Begin PBXSourcesBuildPhase section */
		C7AB61E91B20D9A300DBFA89 /* Sources */ = {
			isa = PBXSourcesBuildPhase;
			buildActionMask = 2147483647;
			files = (
				C726DAF11B35E679006D5229 /* CollectionSentMemesViewController.swift in Sources */,
				C726DAD61B35E320006D5229 /* SentMemesViewController.swift in Sources */,
				C726DA7F1B2F6CD5006D5229 /* MemeView.swift in Sources */,
				C726DA7D1B2F6CBC006D5229 /* MemeViewController.swift in Sources */,
				C726DAF21B35E679006D5229 /* SentMemesCollectionViewCell.swift in Sources */,
				C726DAED1B35E679006D5229 /* SentMemesTableViewCell.swift in Sources */,
				C7AB61F31B20D9A300DBFA89 /* AppDelegate.swift in Sources */,
				C7108D2D1B43C5920003D07D /* Constants.swift in Sources */,
				C726DAD81B35E33E006D5229 /* SentMemesRootView.swift in Sources */,
				C726DAF01B35E679006D5229 /* CollectionSentMemesRootView.swift in Sources */,
				C726DAEF1B35E679006D5229 /* TableSentMemesViewController.swift in Sources */,
				C726DAAE1B335EAF006D5229 /* MemeModel.swift in Sources */,
				C726DAEE1B35E679006D5229 /* TableSentMemesRootView.swift in Sources */,
				C7108D421B4538900003D07D /* DetailView.swift in Sources */,
				C7108D401B45386E0003D07D /* DetailViewController.swift in Sources */,
			);
			runOnlyForDeploymentPostprocessing = 0;
		};
		C7AB61FE1B20D9A300DBFA89 /* Sources */ = {
			isa = PBXSourcesBuildPhase;
			buildActionMask = 2147483647;
			files = (
				C7AB62091B20D9A300DBFA89 /* MemeMeTests.swift in Sources */,
			);
			runOnlyForDeploymentPostprocessing = 0;
		};
/* End PBXSourcesBuildPhase section */

/* Begin PBXTargetDependency section */
		C7AB62041B20D9A300DBFA89 /* PBXTargetDependency */ = {
			isa = PBXTargetDependency;
			target = C7AB61EC1B20D9A300DBFA89 /* MemeMe */;
			targetProxy = C7AB62031B20D9A300DBFA89 /* PBXContainerItemProxy */;
		};
/* End PBXTargetDependency section */

/* Begin PBXVariantGroup section */
		C7AB61F61B20D9A300DBFA89 /* Main.storyboard */ = {
			isa = PBXVariantGroup;
			children = (
				C7AB61F71B20D9A300DBFA89 /* Base */,
			);
			name = Main.storyboard;
			sourceTree = "<group>";
		};
		C7AB61FB1B20D9A300DBFA89 /* LaunchScreen.xib */ = {
			isa = PBXVariantGroup;
			children = (
				C7AB61FC1B20D9A300DBFA89 /* Base */,
			);
			name = LaunchScreen.xib;
			sourceTree = "<group>";
		};
/* End PBXVariantGroup section */

/* Begin XCBuildConfiguration section */
		C7AB620A1B20D9A300DBFA89 /* Debug */ = {
			isa = XCBuildConfiguration;
			buildSettings = {
				ALWAYS_SEARCH_USER_PATHS = NO;
				CLANG_CXX_LANGUAGE_STANDARD = "gnu++0x";
				CLANG_CXX_LIBRARY = "libc++";
				CLANG_ENABLE_MODULES = YES;
				CLANG_ENABLE_OBJC_ARC = YES;
				CLANG_WARN_BOOL_CONVERSION = YES;
				CLANG_WARN_CONSTANT_CONVERSION = YES;
				CLANG_WARN_DIRECT_OBJC_ISA_USAGE = YES_ERROR;
				CLANG_WARN_EMPTY_BODY = YES;
				CLANG_WARN_ENUM_CONVERSION = YES;
				CLANG_WARN_INT_CONVERSION = YES;
				CLANG_WARN_OBJC_ROOT_CLASS = YES_ERROR;
				CLANG_WARN_UNREACHABLE_CODE = YES;
				CLANG_WARN__DUPLICATE_METHOD_MATCH = YES;
				"CODE_SIGN_IDENTITY[sdk=iphoneos*]" = "iPhone Developer";
				COPY_PHASE_STRIP = NO;
				DEBUG_INFORMATION_FORMAT = "dwarf-with-dsym";
				ENABLE_STRICT_OBJC_MSGSEND = YES;
				GCC_C_LANGUAGE_STANDARD = gnu99;
				GCC_DYNAMIC_NO_PIC = NO;
				GCC_NO_COMMON_BLOCKS = YES;
				GCC_OPTIMIZATION_LEVEL = 0;
				GCC_PREPROCESSOR_DEFINITIONS = (
					"DEBUG=1",
					"$(inherited)",
				);
				GCC_SYMBOLS_PRIVATE_EXTERN = NO;
				GCC_WARN_64_TO_32_BIT_CONVERSION = YES;
				GCC_WARN_ABOUT_RETURN_TYPE = YES_ERROR;
				GCC_WARN_UNDECLARED_SELECTOR = YES;
				GCC_WARN_UNINITIALIZED_AUTOS = YES_AGGRESSIVE;
				GCC_WARN_UNUSED_FUNCTION = YES;
				GCC_WARN_UNUSED_VARIABLE = YES;
				IPHONEOS_DEPLOYMENT_TARGET = 8.3;
				MTL_ENABLE_DEBUG_INFO = YES;
				ONLY_ACTIVE_ARCH = YES;
				SDKROOT = iphoneos;
				SWIFT_OPTIMIZATION_LEVEL = "-Onone";
			};
			name = Debug;
		};
		C7AB620B1B20D9A300DBFA89 /* Release */ = {
			isa = XCBuildConfiguration;
			buildSettings = {
				ALWAYS_SEARCH_USER_PATHS = NO;
				CLANG_CXX_LANGUAGE_STANDARD = "gnu++0x";
				CLANG_CXX_LIBRARY = "libc++";
				CLANG_ENABLE_MODULES = YES;
				CLANG_ENABLE_OBJC_ARC = YES;
				CLANG_WARN_BOOL_CONVERSION = YES;
				CLANG_WARN_CONSTANT_CONVERSION = YES;
				CLANG_WARN_DIRECT_OBJC_ISA_USAGE = YES_ERROR;
				CLANG_WARN_EMPTY_BODY = YES;
				CLANG_WARN_ENUM_CONVERSION = YES;
				CLANG_WARN_INT_CONVERSION = YES;
				CLANG_WARN_OBJC_ROOT_CLASS = YES_ERROR;
				CLANG_WARN_UNREACHABLE_CODE = YES;
				CLANG_WARN__DUPLICATE_METHOD_MATCH = YES;
				"CODE_SIGN_IDENTITY[sdk=iphoneos*]" = "iPhone Developer";
				COPY_PHASE_STRIP = NO;
				DEBUG_INFORMATION_FORMAT = "dwarf-with-dsym";
				ENABLE_NS_ASSERTIONS = NO;
				ENABLE_STRICT_OBJC_MSGSEND = YES;
				GCC_C_LANGUAGE_STANDARD = gnu99;
				GCC_NO_COMMON_BLOCKS = YES;
				GCC_WARN_64_TO_32_BIT_CONVERSION = YES;
				GCC_WARN_ABOUT_RETURN_TYPE = YES_ERROR;
				GCC_WARN_UNDECLARED_SELECTOR = YES;
				GCC_WARN_UNINITIALIZED_AUTOS = YES_AGGRESSIVE;
				GCC_WARN_UNUSED_FUNCTION = YES;
				GCC_WARN_UNUSED_VARIABLE = YES;
				IPHONEOS_DEPLOYMENT_TARGET = 8.3;
				MTL_ENABLE_DEBUG_INFO = NO;
				SDKROOT = iphoneos;
				VALIDATE_PRODUCT = YES;
			};
			name = Release;
		};
		C7AB620D1B20D9A300DBFA89 /* Debug */ = {
			isa = XCBuildConfiguration;
			buildSettings = {
				ASSETCATALOG_COMPILER_APPICON_NAME = AppIcon;
				INFOPLIST_FILE = MemeMe/Info.plist;
				LD_RUNPATH_SEARCH_PATHS = "$(inherited) @executable_path/Frameworks";
				PRODUCT_NAME = "$(TARGET_NAME)";
			};
			name = Debug;
		};
		C7AB620E1B20D9A300DBFA89 /* Release */ = {
			isa = XCBuildConfiguration;
			buildSettings = {
				ASSETCATALOG_COMPILER_APPICON_NAME = AppIcon;
				INFOPLIST_FILE = MemeMe/Info.plist;
				LD_RUNPATH_SEARCH_PATHS = "$(inherited) @executable_path/Frameworks";
				PRODUCT_NAME = "$(TARGET_NAME)";
			};
			name = Release;
		};
		C7AB62101B20D9A300DBFA89 /* Debug */ = {
			isa = XCBuildConfiguration;
			buildSettings = {
				BUNDLE_LOADER = "$(TEST_HOST)";
				FRAMEWORK_SEARCH_PATHS = (
					"$(SDKROOT)/Developer/Library/Frameworks",
					"$(inherited)",
				);
				GCC_PREPROCESSOR_DEFINITIONS = (
					"DEBUG=1",
					"$(inherited)",
				);
				INFOPLIST_FILE = MemeMeTests/Info.plist;
				LD_RUNPATH_SEARCH_PATHS = "$(inherited) @executable_path/Frameworks @loader_path/Frameworks";
				PRODUCT_NAME = "$(TARGET_NAME)";
				TEST_HOST = "$(BUILT_PRODUCTS_DIR)/MemeMe.app/MemeMe";
			};
			name = Debug;
		};
		C7AB62111B20D9A300DBFA89 /* Release */ = {
			isa = XCBuildConfiguration;
			buildSettings = {
				BUNDLE_LOADER = "$(TEST_HOST)";
				FRAMEWORK_SEARCH_PATHS = (
					"$(SDKROOT)/Developer/Library/Frameworks",
					"$(inherited)",
				);
				INFOPLIST_FILE = MemeMeTests/Info.plist;
				LD_RUNPATH_SEARCH_PATHS = "$(inherited) @executable_path/Frameworks @loader_path/Frameworks";
				PRODUCT_NAME = "$(TARGET_NAME)";
				TEST_HOST = "$(BUILT_PRODUCTS_DIR)/MemeMe.app/MemeMe";
			};
			name = Release;
		};
/* End XCBuildConfiguration section */

/* Begin XCConfigurationList section */
		C7AB61E81B20D9A300DBFA89 /* Build configuration list for PBXProject "MemeMe" */ = {
			isa = XCConfigurationList;
			buildConfigurations = (
				C7AB620A1B20D9A300DBFA89 /* Debug */,
				C7AB620B1B20D9A300DBFA89 /* Release */,
			);
			defaultConfigurationIsVisible = 0;
			defaultConfigurationName = Release;
		};
		C7AB620C1B20D9A300DBFA89 /* Build configuration list for PBXNativeTarget "MemeMe" */ = {
			isa = XCConfigurationList;
			buildConfigurations = (
				C7AB620D1B20D9A300DBFA89 /* Debug */,
				C7AB620E1B20D9A300DBFA89 /* Release */,
			);
			defaultConfigurationIsVisible = 0;
			defaultConfigurationName = Release;
		};
		C7AB620F1B20D9A300DBFA89 /* Build configuration list for PBXNativeTarget "MemeMeTests" */ = {
			isa = XCConfigurationList;
			buildConfigurations = (
				C7AB62101B20D9A300DBFA89 /* Debug */,
				C7AB62111B20D9A300DBFA89 /* Release */,
			);
			defaultConfigurationIsVisible = 0;
			defaultConfigurationName = Release;
		};
/* End XCConfigurationList section */
	};
	rootObject = C7AB61E51B20D9A300DBFA89 /* Project object */;
}
